
Microsoft Visual Studio Solution File, Format Version 12.00
# Visual Studio Version 17
VisualStudioVersion = 17.0.31903.59
MinimumVisualStudioVersion = 10.0.40219.1
Project("{2150E333-8FDC-42A3-9474-1A3956D46DE8}") = "src", "src", "{827E0CD3-B72D-47B6-A68D-7590B98EB39B}"
EndProject
Project("{FAE04EC0-301F-11D3-BF4B-00C04F79EFBC}") = "AdvGenFlow", "src\AdvGenFlow\AdvGenFlow.csproj", "{4AD03CCD-0ADC-435F-B2F3-24A2732A317B}"
EndProject
Project("{FAE04EC0-301F-11D3-BF4B-00C04F79EFBC}") = "AdvGenFlow.SourceGen", "src\AdvGenFlow.SourceGen\AdvGenFlow.SourceGen.csproj", "{D6530651-9080-4C00-980D-31F558041DC8}"
EndProject
Project("{2150E333-8FDC-42A3-9474-1A3956D46DE8}") = "tests", "tests", "{0AB3BF05-4346-4AA6-1389-037BE0695223}"
EndProject
Project("{FAE04EC0-301F-11D3-BF4B-00C04F79EFBC}") = "AdvGenFlow.Tests", "tests\AdvGenFlow.Tests\AdvGenFlow.Tests.csproj", "{8954E051-1054-4CF7-865C-DF6630F0FA0C}"
EndProject
Project("{FAE04EC0-301F-11D3-BF4B-00C04F79EFBC}") = "AdvGenFlow.SourceGen.Tests", "tests\AdvGenFlow.SourceGen.Tests\AdvGenFlow.SourceGen.Tests.csproj", "{48F0CE9A-1ADA-421C-A938-DA65D1DC0676}"
EndProject
Global
	GlobalSection(SolutionConfigurationPlatforms) = preSolution
		Debug|Any CPU = Debug|Any CPU
		Debug|x64 = Debug|x64
		Debug|x86 = Debug|x86
		Release|Any CPU = Release|Any CPU
		Release|x64 = Release|x64
		Release|x86 = Release|x86
	EndGlobalSection
	GlobalSection(ProjectConfigurationPlatforms) = postSolution
		{4AD03CCD-0ADC-435F-B2F3-24A2732A317B}.Debug|Any CPU.ActiveCfg = Debug|Any CPU
		{4AD03CCD-0ADC-435F-B2F3-24A2732A317B}.Debug|Any CPU.Build.0 = Debug|Any CPU
		{4AD03CCD-0ADC-435F-B2F3-24A2732A317B}.Debug|x64.ActiveCfg = Debug|Any CPU
		{4AD03CCD-0ADC-435F-B2F3-24A2732A317B}.Debug|x64.Build.0 = Debug|Any CPU
		{4AD03CCD-0ADC-435F-B2F3-24A2732A317B}.Debug|x86.ActiveCfg = Debug|Any CPU
		{4AD03CCD-0ADC-435F-B2F3-24A2732A317B}.Debug|x86.Build.0 = Debug|Any CPU
		{4AD03CCD-0ADC-435F-B2F3-24A2732A317B}.Release|Any CPU.ActiveCfg = Release|Any CPU
		{4AD03CCD-0ADC-435F-B2F3-24A2732A317B}.Release|Any CPU.Build.0 = Release|Any CPU
		{4AD03CCD-0ADC-435F-B2F3-24A2732A317B}.Release|x64.ActiveCfg = Release|Any CPU
		{4AD03CCD-0ADC-435F-B2F3-24A2732A317B}.Release|x64.Build.0 = Release|Any CPU
		{4AD03CCD-0ADC-435F-B2F3-24A2732A317B}.Release|x86.ActiveCfg = Release|Any CPU
		{4AD03CCD-0ADC-435F-B2F3-24A2732A317B}.Release|x86.Build.0 = Release|Any CPU
		{D6530651-9080-4C00-980D-31F558041DC8}.Debug|Any CPU.ActiveCfg = Debug|Any CPU
		{D6530651-9080-4C00-980D-31F558041DC8}.Debug|Any CPU.Build.0 = Debug|Any CPU
		{D6530651-9080-4C00-980D-31F558041DC8}.Debug|x64.ActiveCfg = Debug|Any CPU
		{D6530651-9080-4C00-980D-31F558041DC8}.Debug|x64.Build.0 = Debug|Any CPU
		{D6530651-9080-4C00-980D-31F558041DC8}.Debug|x86.ActiveCfg = Debug|Any CPU
		{D6530651-9080-4C00-980D-31F558041DC8}.Debug|x86.Build.0 = Debug|Any CPU
		{D6530651-9080-4C00-980D-31F558041DC8}.Release|Any CPU.ActiveCfg = Release|Any CPU
		{D6530651-9080-4C00-980D-31F558041DC8}.Release|Any CPU.Build.0 = Release|Any CPU
		{D6530651-9080-4C00-980D-31F558041DC8}.Release|x64.ActiveCfg = Release|Any CPU
		{D6530651-9080-4C00-980D-31F558041DC8}.Release|x64.Build.0 = Release|Any CPU
		{D6530651-9080-4C00-980D-31F558041DC8}.Release|x86.ActiveCfg = Release|Any CPU
		{D6530651-9080-4C00-980D-31F558041DC8}.Release|x86.Build.0 = Release|Any CPU
		{8954E051-1054-4CF7-865C-DF6630F0FA0C}.Debug|Any CPU.ActiveCfg = Debug|Any CPU
		{8954E051-1054-4CF7-865C-DF6630F0FA0C}.Debug|Any CPU.Build.0 = Debug|Any CPU
		{8954E051-1054-4CF7-865C-DF6630F0FA0C}.Debug|x64.ActiveCfg = Debug|Any CPU
		{8954E051-1054-4CF7-865C-DF6630F0FA0C}.Debug|x64.Build.0 = Debug|Any CPU
		{8954E051-1054-4CF7-865C-DF6630F0FA0C}.Debug|x86.ActiveCfg = Debug|Any CPU
		{8954E051-1054-4CF7-865C-DF6630F0FA0C}.Debug|x86.Build.0 = Debug|Any CPU
		{8954E051-1054-4CF7-865C-DF6630F0FA0C}.Release|Any CPU.ActiveCfg = Release|Any CPU
		{8954E051-1054-4CF7-865C-DF6630F0FA0C}.Release|Any CPU.Build.0 = Release|Any CPU
		{8954E051-1054-4CF7-865C-DF6630F0FA0C}.Release|x64.ActiveCfg = Release|Any CPU
		{8954E051-1054-4CF7-865C-DF6630F0FA0C}.Release|x64.Build.0 = Release|Any CPU
		{8954E051-1054-4CF7-865C-DF6630F0FA0C}.Release|x86.ActiveCfg = Release|Any CPU
		{8954E051-1054-4CF7-865C-DF6630F0FA0C}.Release|x86.Build.0 = Release|Any CPU
		{48F0CE9A-1ADA-421C-A938-DA65D1DC0676}.Debug|Any CPU.ActiveCfg = Debug|Any CPU
		{48F0CE9A-1ADA-421C-A938-DA65D1DC0676}.Debug|Any CPU.Build.0 = Debug|Any CPU
		{48F0CE9A-1ADA-421C-A938-DA65D1DC0676}.Debug|x64.ActiveCfg = Debug|Any CPU
		{48F0CE9A-1ADA-421C-A938-DA65D1DC0676}.Debug|x64.Build.0 = Debug|Any CPU
		{48F0CE9A-1ADA-421C-A938-DA65D1DC0676}.Debug|x86.ActiveCfg = Debug|Any CPU
		{48F0CE9A-1ADA-421C-A938-DA65D1DC0676}.Debug|x86.Build.0 = Debug|Any CPU
		{48F0CE9A-1ADA-421C-A938-DA65D1DC0676}.Release|Any CPU.ActiveCfg = Release|Any CPU
		{48F0CE9A-1ADA-421C-A938-DA65D1DC0676}.Release|Any CPU.Build.0 = Release|Any CPU
		{48F0CE9A-1ADA-421C-A938-DA65D1DC0676}.Release|x64.ActiveCfg = Release|Any CPU
		{48F0CE9A-1ADA-421C-A938-DA65D1DC0676}.Release|x64.Build.0 = Release|Any CPU
		{48F0CE9A-1ADA-421C-A938-DA65D1DC0676}.Release|x86.ActiveCfg = Release|Any CPU
		{48F0CE9A-1ADA-421C-A938-DA65D1DC0676}.Release|x86.Build.0 = Release|Any CPU
	EndGlobalSection
	GlobalSection(SolutionProperties) = preSolution
		HideSolutionNode = FALSE
	EndGlobalSection
	GlobalSection(NestedProjects) = preSolution
		{4AD03CCD-0ADC-435F-B2F3-24A2732A317B} = {827E0CD3-B72D-47B6-A68D-7590B98EB39B}
		{D6530651-9080-4C00-980D-31F558041DC8} = {827E0CD3-B72D-47B6-A68D-7590B98EB39B}
		{8954E051-1054-4CF7-865C-DF6630F0FA0C} = {0AB3BF05-4346-4AA6-1389-037BE0695223}
		{48F0CE9A-1ADA-421C-A938-DA65D1DC0676} = {0AB3BF05-4346-4AA6-1389-037BE0695223}
	EndGlobalSection
EndGlobal
